{
  "name": "test-package",
  "lockfileVersion": 2,
  "requires": true,
  "packages": {
    "": {
      "dependencies": {
        "@ncukondo/event-maker": "^1.0.4"
      }
    },
    "../package": {
      "name": "@coderman/event-maker",
      "version": "1.0.1",
      "extraneous": true,
      "license": "ISC",
      "dependencies": {
        "uuid": "^9.0.0"
      }
    },
    "node_modules/@ncukondo/event-maker": {
      "version": "1.0.4",
      "resolved": "https://registry.npmjs.org/@ncukondo/event-maker/-/event-maker-1.0.4.tgz",
      "integrity": "sha512-3K8+fPeifirefhx2r8zCs59gBlAty7Gu9AIbR9BbAcadAQExFS+vHtm7URbz0f1QTL7fmO5VNlS3xXNSemTbcA=="
    }
  },
  "dependencies": {
    "@ncukondo/event-maker": {
      "version": "1.0.4",
      "resolved": "https://registry.npmjs.org/@ncukondo/event-maker/-/event-maker-1.0.4.tgz",
      "integrity": "sha512-3K8+fPeifirefhx2r8zCs59gBlAty7Gu9AIbR9BbAcadAQExFS+vHtm7URbz0f1QTL7fmO5VNlS3xXNSemTbcA=="
    }
  }
}
